
Microsoft Visual Studio Solution File, Format Version 12.00
# Visual Studio Version 17
VisualStudioVersion = 17.9.34616.47
MinimumVisualStudioVersion = 10.0.40219.1
Project("{FAE04EC0-301F-11D3-BF4B-00C04F79EFBC}") = "poePart1", "poePart1.csproj", "{DFDAD1F0-C845-467E-B0A6-38EE888F6200}"
EndProject
Global
	GlobalSection(SolutionConfigurationPlatforms) = preSolution
		Debug|Any CPU = Debug|Any CPU
		Release|Any CPU = Release|Any CPU
	EndGlobalSection
	GlobalSection(ProjectConfigurationPlatforms) = postSolution
		{DFDAD1F0-C845-467E-B0A6-38EE888F6200}.Debug|Any CPU.ActiveCfg = Debug|Any CPU
		{DFDAD1F0-C845-467E-B0A6-38EE888F6200}.Debug|Any CPU.Build.0 = Debug|Any CPU
		{DFDAD1F0-C845-467E-B0A6-38EE888F6200}.Release|Any CPU.ActiveCfg = Release|Any CPU
		{DFDAD1F0-C845-467E-B0A6-38EE888F6200}.Release|Any CPU.Build.0 = Release|Any CPU
	EndGlobalSection
	GlobalSection(SolutionProperties) = preSolution
		HideSolutionNode = FALSE
	EndGlobalSection
	GlobalSection(ExtensibilityGlobals) = postSolution
		SolutionGuid = {742A4BAF-E478-4A41-87B3-6A529445C92B}
	EndGlobalSection
EndGlobal
